
Microsoft Visual Studio Solution File, Format Version 12.00
# Visual Studio Version 16
VisualStudioVersion = 16.0.31729.503
MinimumVisualStudioVersion = 10.0.40219.1
Project("{FAE04EC0-301F-11D3-BF4B-00C04F79EFBC}") = "Student Book", "Student Book\Student Book.csproj", "{7F9962DB-CBC5-4B9E-B4AA-CC9DF10F3218}"
EndProject
Global
	GlobalSection(SolutionConfigurationPlatforms) = preSolution
		Debug|Any CPU = Debug|Any CPU
		Release|Any CPU = Release|Any CPU
	EndGlobalSection
	GlobalSection(ProjectConfigurationPlatforms) = postSolution
		{7F9962DB-CBC5-4B9E-B4AA-CC9DF10F3218}.Debug|Any CPU.ActiveCfg = Debug|Any CPU
		{7F9962DB-CBC5-4B9E-B4AA-CC9DF10F3218}.Debug|Any CPU.Build.0 = Debug|Any CPU
		{7F9962DB-CBC5-4B9E-B4AA-CC9DF10F3218}.Release|Any CPU.ActiveCfg = Release|Any CPU
		{7F9962DB-CBC5-4B9E-B4AA-CC9DF10F3218}.Release|Any CPU.Build.0 = Release|Any CPU
	EndGlobalSection
	GlobalSection(SolutionProperties) = preSolution
		HideSolutionNode = FALSE
	EndGlobalSection
	GlobalSection(ExtensibilityGlobals) = postSolution
		SolutionGuid = {4EE77D17-7FFD-4811-93C0-193D39C67457}
	EndGlobalSection
EndGlobal
